
Microsoft Visual Studio Solution File, Format Version 12.00
# Visual Studio Version 17
VisualStudioVersion = 17.11.35222.181
MinimumVisualStudioVersion = 10.0.40219.1
Project("{FAE04EC0-301F-11D3-BF4B-00C04F79EFBC}") = "ErrorReportingSystem.Api", "ErrorReportingSystem.Api\ErrorReportingSystem.Api.csproj", "{251D84DE-D946-463D-A62A-A89AFCE11CDE}"
EndProject
Project("{FAE04EC0-301F-11D3-BF4B-00C04F79EFBC}") = "ErrorReportingSystem.Domain", "ErrorReportingSystem.Domain\ErrorReportingSystem.Domain.csproj", "{D4CF31F6-1F11-41E9-843D-A2424F0CCF4B}"
EndProject
Project("{FAE04EC0-301F-11D3-BF4B-00C04F79EFBC}") = "ErrorReportingSystem.Application", "ErrorReportingSystem.Application\ErrorReportingSystem.Application.csproj", "{4F04185D-8DDA-452B-8F50-0E77BC6FD7AF}"
EndProject
Project("{FAE04EC0-301F-11D3-BF4B-00C04F79EFBC}") = "ErrorReportingSystem.Infrastructure", "ErrorReportingSystem.Infrastructure\ErrorReportingSystem.Infrastructure.csproj", "{87605479-72D2-4E8A-AC76-650BFCCEAF38}"
EndProject
Project("{FAE04EC0-301F-11D3-BF4B-00C04F79EFBC}") = "ErrorReportingSystem.Test", "ErrorReportingSystem.Test\ErrorReportingSystem.Test.csproj", "{A9580081-298C-455F-B672-2E1E822A4602}"
EndProject
Global
	GlobalSection(SolutionConfigurationPlatforms) = preSolution
		Debug|Any CPU = Debug|Any CPU
		Release|Any CPU = Release|Any CPU
	EndGlobalSection
	GlobalSection(ProjectConfigurationPlatforms) = postSolution
		{251D84DE-D946-463D-A62A-A89AFCE11CDE}.Debug|Any CPU.ActiveCfg = Debug|Any CPU
		{251D84DE-D946-463D-A62A-A89AFCE11CDE}.Debug|Any CPU.Build.0 = Debug|Any CPU
		{251D84DE-D946-463D-A62A-A89AFCE11CDE}.Release|Any CPU.ActiveCfg = Release|Any CPU
		{251D84DE-D946-463D-A62A-A89AFCE11CDE}.Release|Any CPU.Build.0 = Release|Any CPU
		{D4CF31F6-1F11-41E9-843D-A2424F0CCF4B}.Debug|Any CPU.ActiveCfg = Debug|Any CPU
		{D4CF31F6-1F11-41E9-843D-A2424F0CCF4B}.Debug|Any CPU.Build.0 = Debug|Any CPU
		{D4CF31F6-1F11-41E9-843D-A2424F0CCF4B}.Release|Any CPU.ActiveCfg = Release|Any CPU
		{D4CF31F6-1F11-41E9-843D-A2424F0CCF4B}.Release|Any CPU.Build.0 = Release|Any CPU
		{4F04185D-8DDA-452B-8F50-0E77BC6FD7AF}.Debug|Any CPU.ActiveCfg = Debug|Any CPU
		{4F04185D-8DDA-452B-8F50-0E77BC6FD7AF}.Debug|Any CPU.Build.0 = Debug|Any CPU
		{4F04185D-8DDA-452B-8F50-0E77BC6FD7AF}.Release|Any CPU.ActiveCfg = Release|Any CPU
		{4F04185D-8DDA-452B-8F50-0E77BC6FD7AF}.Release|Any CPU.Build.0 = Release|Any CPU
		{87605479-72D2-4E8A-AC76-650BFCCEAF38}.Debug|Any CPU.ActiveCfg = Debug|Any CPU
		{87605479-72D2-4E8A-AC76-650BFCCEAF38}.Debug|Any CPU.Build.0 = Debug|Any CPU
		{87605479-72D2-4E8A-AC76-650BFCCEAF38}.Release|Any CPU.ActiveCfg = Release|Any CPU
		{87605479-72D2-4E8A-AC76-650BFCCEAF38}.Release|Any CPU.Build.0 = Release|Any CPU
		{A9580081-298C-455F-B672-2E1E822A4602}.Debug|Any CPU.ActiveCfg = Debug|Any CPU
		{A9580081-298C-455F-B672-2E1E822A4602}.Debug|Any CPU.Build.0 = Debug|Any CPU
		{A9580081-298C-455F-B672-2E1E822A4602}.Release|Any CPU.ActiveCfg = Release|Any CPU
		{A9580081-298C-455F-B672-2E1E822A4602}.Release|Any CPU.Build.0 = Release|Any CPU
	EndGlobalSection
	GlobalSection(SolutionProperties) = preSolution
		HideSolutionNode = FALSE
	EndGlobalSection
	GlobalSection(ExtensibilityGlobals) = postSolution
		SolutionGuid = {E937ADED-25C2-413A-9DCD-5C9F7C716F30}
	EndGlobalSection
EndGlobal
